
Microsoft Visual Studio Solution File, Format Version 12.00
# Visual Studio 15
VisualStudioVersion = 15.0.27130.2020
MinimumVisualStudioVersion = 10.0.40219.1
Project("{9A19103F-16F7-4668-BE54-9A1E7A4F7556}") = "ByteBank.SistemaAgencia", "ByteBank.SistemaAgencia.csproj", "{0E929F20-707E-406F-81F4-B38A60614E7C}"
EndProject
Project("{9A19103F-16F7-4668-BE54-9A1E7A4F7556}") = "ByteBank.Modelos", "..\ByteBank.Modelos\ByteBank.Modelos.csproj", "{C3C8A837-7046-41B7-9281-084AD734462A}"
EndProject
Global
	GlobalSection(SolutionConfigurationPlatforms) = preSolution
		Debug|Any CPU = Debug|Any CPU
		Release|Any CPU = Release|Any CPU
	EndGlobalSection
	GlobalSection(ProjectConfigurationPlatforms) = postSolution
		{0E929F20-707E-406F-81F4-B38A60614E7C}.Debug|Any CPU.ActiveCfg = Debug|Any CPU
		{0E929F20-707E-406F-81F4-B38A60614E7C}.Debug|Any CPU.Build.0 = Debug|Any CPU
		{0E929F20-707E-406F-81F4-B38A60614E7C}.Release|Any CPU.ActiveCfg = Release|Any CPU
		{0E929F20-707E-406F-81F4-B38A60614E7C}.Release|Any CPU.Build.0 = Release|Any CPU
		{C3C8A837-7046-41B7-9281-084AD734462A}.Debug|Any CPU.ActiveCfg = Debug|Any CPU
		{C3C8A837-7046-41B7-9281-084AD734462A}.Debug|Any CPU.Build.0 = Debug|Any CPU
		{C3C8A837-7046-41B7-9281-084AD734462A}.Release|Any CPU.ActiveCfg = Release|Any CPU
		{C3C8A837-7046-41B7-9281-084AD734462A}.Release|Any CPU.Build.0 = Release|Any CPU
	EndGlobalSection
	GlobalSection(SolutionProperties) = preSolution
		HideSolutionNode = FALSE
	EndGlobalSection
	GlobalSection(ExtensibilityGlobals) = postSolution
		SolutionGuid = {DDD4409E-EBB2-4A91-AE8C-CC134488F8AF}
	EndGlobalSection
EndGlobal
