
Microsoft Visual Studio Solution File, Format Version 12.00
# Visual Studio 15
VisualStudioVersion = 15.0.27130.2020
MinimumVisualStudioVersion = 10.0.40219.1
Project("{9A19103F-16F7-4668-BE54-9A1E7A4F7556}") = "ByteBank.Modelos", "ByteBank.Modelos.csproj", "{CC7384F6-B426-49D3-BE8C-A87450D5322C}"
EndProject
Global
	GlobalSection(SolutionConfigurationPlatforms) = preSolution
		Debug|Any CPU = Debug|Any CPU
		Release|Any CPU = Release|Any CPU
	EndGlobalSection
	GlobalSection(ProjectConfigurationPlatforms) = postSolution
		{CC7384F6-B426-49D3-BE8C-A87450D5322C}.Debug|Any CPU.ActiveCfg = Debug|Any CPU
		{CC7384F6-B426-49D3-BE8C-A87450D5322C}.Debug|Any CPU.Build.0 = Debug|Any CPU
		{CC7384F6-B426-49D3-BE8C-A87450D5322C}.Release|Any CPU.ActiveCfg = Release|Any CPU
		{CC7384F6-B426-49D3-BE8C-A87450D5322C}.Release|Any CPU.Build.0 = Release|Any CPU
	EndGlobalSection
	GlobalSection(SolutionProperties) = preSolution
		HideSolutionNode = FALSE
	EndGlobalSection
	GlobalSection(ExtensibilityGlobals) = postSolution
		SolutionGuid = {72ED54CC-0372-464E-91BD-FD34FC58020E}
	EndGlobalSection
EndGlobal
